
Microsoft Visual Studio Solution File, Format Version 12.00
# Visual Studio Version 16
VisualStudioVersion = 16.0.30711.63
MinimumVisualStudioVersion = 10.0.40219.1
Project("{FAE04EC0-301F-11D3-BF4B-00C04F79EFBC}") = "Mohammed_Hebili_Test POSTALCODE ARRAYS", "Mohammed_Hebili_Test POSTALCODE ARRAYS\Mohammed_Hebili_Test POSTALCODE ARRAYS.csproj", "{8CE02076-8C03-416A-A3B1-103A8053704D}"
EndProject
Global
	GlobalSection(SolutionConfigurationPlatforms) = preSolution
		Debug|Any CPU = Debug|Any CPU
		Release|Any CPU = Release|Any CPU
	EndGlobalSection
	GlobalSection(ProjectConfigurationPlatforms) = postSolution
		{8CE02076-8C03-416A-A3B1-103A8053704D}.Debug|Any CPU.ActiveCfg = Debug|Any CPU
		{8CE02076-8C03-416A-A3B1-103A8053704D}.Debug|Any CPU.Build.0 = Debug|Any CPU
		{8CE02076-8C03-416A-A3B1-103A8053704D}.Release|Any CPU.ActiveCfg = Release|Any CPU
		{8CE02076-8C03-416A-A3B1-103A8053704D}.Release|Any CPU.Build.0 = Release|Any CPU
	EndGlobalSection
	GlobalSection(SolutionProperties) = preSolution
		HideSolutionNode = FALSE
	EndGlobalSection
	GlobalSection(ExtensibilityGlobals) = postSolution
		SolutionGuid = {CB66BEA6-27F5-4EEC-A258-ADE984A5CAB8}
	EndGlobalSection
EndGlobal
